
Microsoft Visual Studio Solution File, Format Version 12.00
# Visual Studio 15
VisualStudioVersion = 15.0.28307.438
MinimumVisualStudioVersion = 10.0.40219.1
Project("{FAE04EC0-301F-11D3-BF4B-00C04F79EFBC}") = "Secao04Exercicios", "Secao04Exercicios\Secao04Exercicios.csproj", "{4AD33666-C195-42D5-9606-7FCC8415854E}"
EndProject
Global
	GlobalSection(SolutionConfigurationPlatforms) = preSolution
		Debug|Any CPU = Debug|Any CPU
		Release|Any CPU = Release|Any CPU
	EndGlobalSection
	GlobalSection(ProjectConfigurationPlatforms) = postSolution
		{4AD33666-C195-42D5-9606-7FCC8415854E}.Debug|Any CPU.ActiveCfg = Debug|Any CPU
		{4AD33666-C195-42D5-9606-7FCC8415854E}.Debug|Any CPU.Build.0 = Debug|Any CPU
		{4AD33666-C195-42D5-9606-7FCC8415854E}.Release|Any CPU.ActiveCfg = Release|Any CPU
		{4AD33666-C195-42D5-9606-7FCC8415854E}.Release|Any CPU.Build.0 = Release|Any CPU
	EndGlobalSection
	GlobalSection(SolutionProperties) = preSolution
		HideSolutionNode = FALSE
	EndGlobalSection
	GlobalSection(ExtensibilityGlobals) = postSolution
		SolutionGuid = {5F4EED32-729E-4A7B-A9DA-45E68C469E30}
	EndGlobalSection
EndGlobal
